{
  "requires": true,
  "lockfileVersion": 1,
  "dependencies": {
    "react-tradingview-embed": {
      "version": "1.0.2",
      "resolved": "https://registry.npmjs.org/react-tradingview-embed/-/react-tradingview-embed-1.0.2.tgz",
      "integrity": "sha512-9uHydsSMCZsuLkFaZZ97eCpTMD+NsFp2Vs2tZdV/Uod5+mpEFmKorxAcqVx0N4BRhkke1r+IsnqoFrLse27ZRQ=="
    }
  }
}
